
Microsoft Visual Studio Solution File, Format Version 12.00
# Visual Studio 15
VisualStudioVersion = 15.0.28307.1684
MinimumVisualStudioVersion = 10.0.40219.1
Project("{8BC9CEB8-8B4A-11D0-8D11-00A0C91BC942}") = "模拟实现各类库函数", "模拟实现各类库函数\模拟实现各类库函数.vcxproj", "{2C124367-B0D8-4049-8524-616FE71C7BC0}"
EndProject
Global
	GlobalSection(SolutionConfigurationPlatforms) = preSolution
		Debug|x64 = Debug|x64
		Debug|x86 = Debug|x86
		Release|x64 = Release|x64
		Release|x86 = Release|x86
	EndGlobalSection
	GlobalSection(ProjectConfigurationPlatforms) = postSolution
		{2C124367-B0D8-4049-8524-616FE71C7BC0}.Debug|x64.ActiveCfg = Debug|x64
		{2C124367-B0D8-4049-8524-616FE71C7BC0}.Debug|x64.Build.0 = Debug|x64
		{2C124367-B0D8-4049-8524-616FE71C7BC0}.Debug|x86.ActiveCfg = Debug|Win32
		{2C124367-B0D8-4049-8524-616FE71C7BC0}.Debug|x86.Build.0 = Debug|Win32
		{2C124367-B0D8-4049-8524-616FE71C7BC0}.Release|x64.ActiveCfg = Release|x64
		{2C124367-B0D8-4049-8524-616FE71C7BC0}.Release|x64.Build.0 = Release|x64
		{2C124367-B0D8-4049-8524-616FE71C7BC0}.Release|x86.ActiveCfg = Release|Win32
		{2C124367-B0D8-4049-8524-616FE71C7BC0}.Release|x86.Build.0 = Release|Win32
	EndGlobalSection
	GlobalSection(SolutionProperties) = preSolution
		HideSolutionNode = FALSE
	EndGlobalSection
	GlobalSection(ExtensibilityGlobals) = postSolution
		SolutionGuid = {09B0FE34-C0CB-41A2-ABFD-81CD7692B0F7}
	EndGlobalSection
EndGlobal
